// !$*UTF8*$!
{
	archiveVersion = 1;
	classes = {
	};
	objectVersion = 48;
	objects = {

/* Begin PBXBuildFile section */
		0701D0B52077DA6D00F099EB /* NetworkManager.swift in Sources */ = {isa = PBXBuildFile; fileRef = 0701D0B42077DA6D00F099EB /* NetworkManager.swift */; };
		0701D0BA2077F1CC00F099EB /* Result.swift in Sources */ = {isa = PBXBuildFile; fileRef = 0701D0B92077F1CC00F099EB /* Result.swift */; };
		073204A52069946C0046F61C /* UserAccountVC.swift in Sources */ = {isa = PBXBuildFile; fileRef = 073204A42069946C0046F61C /* UserAccountVC.swift */; };
		073204A9206995460046F61C /* StocksSharesVC.swift in Sources */ = {isa = PBXBuildFile; fileRef = 073204A8206995460046F61C /* StocksSharesVC.swift */; };
		07539E99206A43AC003D6E5A /* CustomTextfField.swift in Sources */ = {isa = PBXBuildFile; fileRef = 07539E98206A43AC003D6E5A /* CustomTextfField.swift */; };
		0793C4CD206CDC4200A02ACE /* User.swift in Sources */ = {isa = PBXBuildFile; fileRef = 0793C4CC206CDC4200A02ACE /* User.swift */; };
		0793C4CF206CDD8600A02ACE /* ISA.swift in Sources */ = {isa = PBXBuildFile; fileRef = 0793C4CE206CDD8600A02ACE /* ISA.swift */; };
		0793C4D1206CDDD200A02ACE /* GIA.swift in Sources */ = {isa = PBXBuildFile; fileRef = 0793C4D0206CDDD200A02ACE /* GIA.swift */; };
		0793C4D4206D326600A02ACE /* GeneralInvestmentVC.swift in Sources */ = {isa = PBXBuildFile; fileRef = 0793C4D3206D326600A02ACE /* GeneralInvestmentVC.swift */; };
		0793C4D6206E5E0100A02ACE /* CustomButton.swift in Sources */ = {isa = PBXBuildFile; fileRef = 0793C4D5206E5E0100A02ACE /* CustomButton.swift */; };
		0793C4EA2076A10A00A02ACE /* Header.swift in Sources */ = {isa = PBXBuildFile; fileRef = 0793C4E92076A10A00A02ACE /* Header.swift */; };
		0793C4EC2076A17C00A02ACE /* Request.swift in Sources */ = {isa = PBXBuildFile; fileRef = 0793C4EB2076A17C00A02ACE /* Request.swift */; };
		07DCD17020696CA800792FC7 /* AppDelegate.swift in Sources */ = {isa = PBXBuildFile; fileRef = 07DCD16F20696CA800792FC7 /* AppDelegate.swift */; };
		07DCD17220696CA800792FC7 /* LoginVC.swift in Sources */ = {isa = PBXBuildFile; fileRef = 07DCD17120696CA800792FC7 /* LoginVC.swift */; };
		07DCD17520696CA800792FC7 /* Main.storyboard in Resources */ = {isa = PBXBuildFile; fileRef = 07DCD17320696CA800792FC7 /* Main.storyboard */; };
		07DCD17720696CA800792FC7 /* Assets.xcassets in Resources */ = {isa = PBXBuildFile; fileRef = 07DCD17620696CA800792FC7 /* Assets.xcassets */; };
		07DCD17A20696CA800792FC7 /* LaunchScreen.storyboard in Resources */ = {isa = PBXBuildFile; fileRef = 07DCD17820696CA800792FC7 /* LaunchScreen.storyboard */; };
		07DCD18220696D5400792FC7 /* .gitignore in Resources */ = {isa = PBXBuildFile; fileRef = 07DCD18120696D5400792FC7 /* .gitignore */; };
/* End PBXBuildFile section */

/* Begin PBXFileReference section */
		0701D0B42077DA6D00F099EB /* NetworkManager.swift */ = {isa = PBXFileReference; lastKnownFileType = sourcecode.swift; path = NetworkManager.swift; sourceTree = "<group>"; };
		0701D0B92077F1CC00F099EB /* Result.swift */ = {isa = PBXFileReference; lastKnownFileType = sourcecode.swift; path = Result.swift; sourceTree = "<group>"; };
		073204A42069946C0046F61C /* UserAccountVC.swift */ = {isa = PBXFileReference; lastKnownFileType = sourcecode.swift; path = UserAccountVC.swift; sourceTree = "<group>"; };
		073204A8206995460046F61C /* StocksSharesVC.swift */ = {isa = PBXFileReference; lastKnownFileType = sourcecode.swift; path = StocksSharesVC.swift; sourceTree = "<group>"; };
		07539E98206A43AC003D6E5A /* CustomTextfField.swift */ = {isa = PBXFileReference; lastKnownFileType = sourcecode.swift; path = CustomTextfField.swift; sourceTree = "<group>"; };
		0793C4CC206CDC4200A02ACE /* User.swift */ = {isa = PBXFileReference; lastKnownFileType = sourcecode.swift; name = User.swift; path = "Money Box/Model/User.swift"; sourceTree = SOURCE_ROOT; };
		0793C4CE206CDD8600A02ACE /* ISA.swift */ = {isa = PBXFileReference; lastKnownFileType = sourcecode.swift; path = ISA.swift; sourceTree = "<group>"; };
		0793C4D0206CDDD200A02ACE /* GIA.swift */ = {isa = PBXFileReference; lastKnownFileType = sourcecode.swift; path = GIA.swift; sourceTree = "<group>"; };
		0793C4D3206D326600A02ACE /* GeneralInvestmentVC.swift */ = {isa = PBXFileReference; lastKnownFileType = sourcecode.swift; path = GeneralInvestmentVC.swift; sourceTree = "<group>"; };
		0793C4D5206E5E0100A02ACE /* CustomButton.swift */ = {isa = PBXFileReference; lastKnownFileType = sourcecode.swift; path = CustomButton.swift; sourceTree = "<group>"; };
		0793C4E92076A10A00A02ACE /* Header.swift */ = {isa = PBXFileReference; lastKnownFileType = sourcecode.swift; path = Header.swift; sourceTree = "<group>"; };
		0793C4EB2076A17C00A02ACE /* Request.swift */ = {isa = PBXFileReference; lastKnownFileType = sourcecode.swift; path = Request.swift; sourceTree = "<group>"; };
		07DCD16C20696CA800792FC7 /* Money Box.app */ = {isa = PBXFileReference; explicitFileType = wrapper.application; includeInIndex = 0; path = "Money Box.app"; sourceTree = BUILT_PRODUCTS_DIR; };
		07DCD16F20696CA800792FC7 /* AppDelegate.swift */ = {isa = PBXFileReference; lastKnownFileType = sourcecode.swift; path = AppDelegate.swift; sourceTree = "<group>"; };
		07DCD17120696CA800792FC7 /* LoginVC.swift */ = {isa = PBXFileReference; lastKnownFileType = sourcecode.swift; path = LoginVC.swift; sourceTree = "<group>"; };
		07DCD17420696CA800792FC7 /* Base */ = {isa = PBXFileReference; lastKnownFileType = file.storyboard; name = Base; path = Base.lproj/Main.storyboard; sourceTree = "<group>"; };
		07DCD17620696CA800792FC7 /* Assets.xcassets */ = {isa = PBXFileReference; lastKnownFileType = folder.assetcatalog; path = Assets.xcassets; sourceTree = "<group>"; };
		07DCD17920696CA800792FC7 /* Base */ = {isa = PBXFileReference; lastKnownFileType = file.storyboard; name = Base; path = Base.lproj/LaunchScreen.storyboard; sourceTree = "<group>"; };
		07DCD17B20696CA900792FC7 /* Info.plist */ = {isa = PBXFileReference; lastKnownFileType = text.plist.xml; path = Info.plist; sourceTree = "<group>"; };
		07DCD18120696D5400792FC7 /* .gitignore */ = {isa = PBXFileReference; lastKnownFileType = text; path = .gitignore; sourceTree = "<group>"; };
/* End PBXFileReference section */

/* Begin PBXFrameworksBuildPhase section */
		07DCD16920696CA800792FC7 /* Frameworks */ = {
			isa = PBXFrameworksBuildPhase;
			buildActionMask = 2147483647;
			files = (
			);
			runOnlyForDeploymentPostprocessing = 0;
		};
/* End PBXFrameworksBuildPhase section */

/* Begin PBXGroup section */
		0701D0B62077F13B00F099EB /* Enums */ = {
			isa = PBXGroup;
			children = (
				0701D0B92077F1CC00F099EB /* Result.swift */,
			);
			path = Enums;
			sourceTree = "<group>";
		};
		0708241620874FD80014D1BE /* Protocols */ = {
			isa = PBXGroup;
			children = (
				0793C4E92076A10A00A02ACE /* Header.swift */,
			);
			path = Protocols;
			sourceTree = "<group>";
		};
		07539E9A206A4C71003D6E5A /* Network */ = {
			isa = PBXGroup;
			children = (
				0701D0B62077F13B00F099EB /* Enums */,
				0708241620874FD80014D1BE /* Protocols */,
				0793C4EB2076A17C00A02ACE /* Request.swift */,
				0701D0B42077DA6D00F099EB /* NetworkManager.swift */,
			);
			path = Network;
			sourceTree = "<group>";
		};
		0793C4D2206CDDD800A02ACE /* Account Type */ = {
			isa = PBXGroup;
			children = (
				0793C4CE206CDD8600A02ACE /* ISA.swift */,
				0793C4D0206CDDD200A02ACE /* GIA.swift */,
			);
			path = "Account Type";
			sourceTree = "<group>";
		};
		07DCD16320696CA800792FC7 = {
			isa = PBXGroup;
			children = (
				07DCD17820696CA800792FC7 /* LaunchScreen.storyboard */,
				07DCD18320696D6D00792FC7 /* Git */,
				07DCD16E20696CA800792FC7 /* Money Box */,
				07DCD16D20696CA800792FC7 /* Products */,
			);
			sourceTree = "<group>";
		};
		07DCD16D20696CA800792FC7 /* Products */ = {
			isa = PBXGroup;
			children = (
				07DCD16C20696CA800792FC7 /* Money Box.app */,
			);
			name = Products;
			sourceTree = "<group>";
		};
		07DCD16E20696CA800792FC7 /* Money Box */ = {
			isa = PBXGroup;
			children = (
				07DCD18420698E4300792FC7 /* Model */,
				07DCD18520698E6300792FC7 /* View */,
				07DCD18620698E6F00792FC7 /* Controller */,
				07539E9A206A4C71003D6E5A /* Network */,
				07DCD16F20696CA800792FC7 /* AppDelegate.swift */,
				07DCD17320696CA800792FC7 /* Main.storyboard */,
				07DCD17620696CA800792FC7 /* Assets.xcassets */,
				07DCD17B20696CA900792FC7 /* Info.plist */,
			);
			path = "Money Box";
			sourceTree = "<group>";
		};
		07DCD18320696D6D00792FC7 /* Git */ = {
			isa = PBXGroup;
			children = (
				07DCD18120696D5400792FC7 /* .gitignore */,
			);
			path = Git;
			sourceTree = "<group>";
		};
		07DCD18420698E4300792FC7 /* Model */ = {
			isa = PBXGroup;
			children = (
				0793C4CC206CDC4200A02ACE /* User.swift */,
				0793C4D2206CDDD800A02ACE /* Account Type */,
			);
			path = Model;
			sourceTree = "<group>";
		};
		07DCD18520698E6300792FC7 /* View */ = {
			isa = PBXGroup;
			children = (
				0793C4D5206E5E0100A02ACE /* CustomButton.swift */,
				07539E98206A43AC003D6E5A /* CustomTextfField.swift */,
			);
			path = View;
			sourceTree = "<group>";
		};
		07DCD18620698E6F00792FC7 /* Controller */ = {
			isa = PBXGroup;
			children = (
				07DCD17120696CA800792FC7 /* LoginVC.swift */,
				073204A42069946C0046F61C /* UserAccountVC.swift */,
				073204A8206995460046F61C /* StocksSharesVC.swift */,
				0793C4D3206D326600A02ACE /* GeneralInvestmentVC.swift */,
			);
			path = Controller;
			sourceTree = "<group>";
		};
/* End PBXGroup section */

/* Begin PBXNativeTarget section */
		07DCD16B20696CA800792FC7 /* Money Box */ = {
			isa = PBXNativeTarget;
			buildConfigurationList = 07DCD17E20696CA900792FC7 /* Build configuration list for PBXNativeTarget "Money Box" */;
			buildPhases = (
				07DCD16820696CA800792FC7 /* Sources */,
				07DCD16920696CA800792FC7 /* Frameworks */,
				07DCD16A20696CA800792FC7 /* Resources */,
			);
			buildRules = (
			);
			dependencies = (
			);
			name = "Money Box";
			productName = "Money Box [Tech Test]";
			productReference = 07DCD16C20696CA800792FC7 /* Money Box.app */;
			productType = "com.apple.product-type.application";
		};
/* End PBXNativeTarget section */

/* Begin PBXProject section */
		07DCD16420696CA800792FC7 /* Project object */ = {
			isa = PBXProject;
			attributes = {
				LastSwiftUpdateCheck = 0900;
				LastUpgradeCheck = 0900;
				ORGANIZATIONNAME = Omar;
				TargetAttributes = {
					07DCD16B20696CA800792FC7 = {
						CreatedOnToolsVersion = 9.0;
						ProvisioningStyle = Automatic;
					};
				};
			};
			buildConfigurationList = 07DCD16720696CA800792FC7 /* Build configuration list for PBXProject "Money Box" */;
			compatibilityVersion = "Xcode 8.0";
			developmentRegion = en;
			hasScannedForEncodings = 0;
			knownRegions = (
				en,
				Base,
			);
			mainGroup = 07DCD16320696CA800792FC7;
			productRefGroup = 07DCD16D20696CA800792FC7 /* Products */;
			projectDirPath = "";
			projectRoot = "";
			targets = (
				07DCD16B20696CA800792FC7 /* Money Box */,
			);
		};
/* End PBXProject section */

/* Begin PBXResourcesBuildPhase section */
		07DCD16A20696CA800792FC7 /* Resources */ = {
			isa = PBXResourcesBuildPhase;
			buildActionMask = 2147483647;
			files = (
				07DCD18220696D5400792FC7 /* .gitignore in Resources */,
				07DCD17A20696CA800792FC7 /* LaunchScreen.storyboard in Resources */,
				07DCD17720696CA800792FC7 /* Assets.xcassets in Resources */,
				07DCD17520696CA800792FC7 /* Main.storyboard in Resources */,
			);
			runOnlyForDeploymentPostprocessing = 0;
		};
/* End PBXResourcesBuildPhase section */

/* Begin PBXSourcesBuildPhase section */
		07DCD16820696CA800792FC7 /* Sources */ = {
			isa = PBXSourcesBuildPhase;
			buildActionMask = 2147483647;
			files = (
				0793C4EA2076A10A00A02ACE /* Header.swift in Sources */,
				07DCD17220696CA800792FC7 /* LoginVC.swift in Sources */,
				0793C4CF206CDD8600A02ACE /* ISA.swift in Sources */,
				07539E99206A43AC003D6E5A /* CustomTextfField.swift in Sources */,
				0793C4D4206D326600A02ACE /* GeneralInvestmentVC.swift in Sources */,
				0701D0BA2077F1CC00F099EB /* Result.swift in Sources */,
				0793C4EC2076A17C00A02ACE /* Request.swift in Sources */,
				073204A9206995460046F61C /* StocksSharesVC.swift in Sources */,
				07DCD17020696CA800792FC7 /* AppDelegate.swift in Sources */,
				0793C4D6206E5E0100A02ACE /* CustomButton.swift in Sources */,
				0701D0B52077DA6D00F099EB /* NetworkManager.swift in Sources */,
				0793C4D1206CDDD200A02ACE /* GIA.swift in Sources */,
				073204A52069946C0046F61C /* UserAccountVC.swift in Sources */,
				0793C4CD206CDC4200A02ACE /* User.swift in Sources */,
			);
			runOnlyForDeploymentPostprocessing = 0;
		};
/* End PBXSourcesBuildPhase section */

/* Begin PBXVariantGroup section */
		07DCD17320696CA800792FC7 /* Main.storyboard */ = {
			isa = PBXVariantGroup;
			children = (
				07DCD17420696CA800792FC7 /* Base */,
			);
			name = Main.storyboard;
			sourceTree = "<group>";
		};
		07DCD17820696CA800792FC7 /* LaunchScreen.storyboard */ = {
			isa = PBXVariantGroup;
			children = (
				07DCD17920696CA800792FC7 /* Base */,
			);
			name = LaunchScreen.storyboard;
			sourceTree = "<group>";
		};
/* End PBXVariantGroup section */

/* Begin XCBuildConfiguration section */
		07DCD17C20696CA900792FC7 /* Debug */ = {
			isa = XCBuildConfiguration;
			buildSettings = {
				ALWAYS_SEARCH_USER_PATHS = NO;
				CLANG_ANALYZER_NONNULL = YES;
				CLANG_ANALYZER_NUMBER_OBJECT_CONVERSION = YES_AGGRESSIVE;
				CLANG_CXX_LANGUAGE_STANDARD = "gnu++14";
				CLANG_CXX_LIBRARY = "libc++";
				CLANG_ENABLE_MODULES = YES;
				CLANG_ENABLE_OBJC_ARC = YES;
				CLANG_WARN_BLOCK_CAPTURE_AUTORELEASING = YES;
				CLANG_WARN_BOOL_CONVERSION = YES;
				CLANG_WARN_COMMA = YES;
				CLANG_WARN_CONSTANT_CONVERSION = YES;
				CLANG_WARN_DIRECT_OBJC_ISA_USAGE = YES_ERROR;
				CLANG_WARN_DOCUMENTATION_COMMENTS = YES;
				CLANG_WARN_EMPTY_BODY = YES;
				CLANG_WARN_ENUM_CONVERSION = YES;
				CLANG_WARN_INFINITE_RECURSION = YES;
				CLANG_WARN_INT_CONVERSION = YES;
				CLANG_WARN_NON_LITERAL_NULL_CONVERSION = YES;
				CLANG_WARN_OBJC_LITERAL_CONVERSION = YES;
				CLANG_WARN_OBJC_ROOT_CLASS = YES_ERROR;
				CLANG_WARN_RANGE_LOOP_ANALYSIS = YES;
				CLANG_WARN_STRICT_PROTOTYPES = YES;
				CLANG_WARN_SUSPICIOUS_MOVE = YES;
				CLANG_WARN_UNGUARDED_AVAILABILITY = YES_AGGRESSIVE;
				CLANG_WARN_UNREACHABLE_CODE = YES;
				CLANG_WARN__DUPLICATE_METHOD_MATCH = YES;
				CODE_SIGN_IDENTITY = "iPhone Developer";
				COPY_PHASE_STRIP = NO;
				DEBUG_INFORMATION_FORMAT = dwarf;
				ENABLE_STRICT_OBJC_MSGSEND = YES;
				ENABLE_TESTABILITY = YES;
				GCC_C_LANGUAGE_STANDARD = gnu11;
				GCC_DYNAMIC_NO_PIC = NO;
				GCC_NO_COMMON_BLOCKS = YES;
				GCC_OPTIMIZATION_LEVEL = 0;
				GCC_PREPROCESSOR_DEFINITIONS = (
					"DEBUG=1",
					"$(inherited)",
				);
				GCC_WARN_64_TO_32_BIT_CONVERSION = YES;
				GCC_WARN_ABOUT_RETURN_TYPE = YES_ERROR;
				GCC_WARN_UNDECLARED_SELECTOR = YES;
				GCC_WARN_UNINITIALIZED_AUTOS = YES_AGGRESSIVE;
				GCC_WARN_UNUSED_FUNCTION = YES;
				GCC_WARN_UNUSED_VARIABLE = YES;
				IPHONEOS_DEPLOYMENT_TARGET = 11.0;
				MTL_ENABLE_DEBUG_INFO = YES;
				ONLY_ACTIVE_ARCH = YES;
				SDKROOT = iphoneos;
				SWIFT_ACTIVE_COMPILATION_CONDITIONS = DEBUG;
				SWIFT_OPTIMIZATION_LEVEL = "-Onone";
			};
			name = Debug;
		};
		07DCD17D20696CA900792FC7 /* Release */ = {
			isa = XCBuildConfiguration;
			buildSettings = {
				ALWAYS_SEARCH_USER_PATHS = NO;
				CLANG_ANALYZER_NONNULL = YES;
				CLANG_ANALYZER_NUMBER_OBJECT_CONVERSION = YES_AGGRESSIVE;
				CLANG_CXX_LANGUAGE_STANDARD = "gnu++14";
				CLANG_CXX_LIBRARY = "libc++";
				CLANG_ENABLE_MODULES = YES;
				CLANG_ENABLE_OBJC_ARC = YES;
				CLANG_WARN_BLOCK_CAPTURE_AUTORELEASING = YES;
				CLANG_WARN_BOOL_CONVERSION = YES;
				CLANG_WARN_COMMA = YES;
				CLANG_WARN_CONSTANT_CONVERSION = YES;
				CLANG_WARN_DIRECT_OBJC_ISA_USAGE = YES_ERROR;
				CLANG_WARN_DOCUMENTATION_COMMENTS = YES;
				CLANG_WARN_EMPTY_BODY = YES;
				CLANG_WARN_ENUM_CONVERSION = YES;
				CLANG_WARN_INFINITE_RECURSION = YES;
				CLANG_WARN_INT_CONVERSION = YES;
				CLANG_WARN_NON_LITERAL_NULL_CONVERSION = YES;
				CLANG_WARN_OBJC_LITERAL_CONVERSION = YES;
				CLANG_WARN_OBJC_ROOT_CLASS = YES_ERROR;
				CLANG_WARN_RANGE_LOOP_ANALYSIS = YES;
				CLANG_WARN_STRICT_PROTOTYPES = YES;
				CLANG_WARN_SUSPICIOUS_MOVE = YES;
				CLANG_WARN_UNGUARDED_AVAILABILITY = YES_AGGRESSIVE;
				CLANG_WARN_UNREACHABLE_CODE = YES;
				CLANG_WARN__DUPLICATE_METHOD_MATCH = YES;
				CODE_SIGN_IDENTITY = "iPhone Developer";
				COPY_PHASE_STRIP = NO;
				DEBUG_INFORMATION_FORMAT = "dwarf-with-dsym";
				ENABLE_NS_ASSERTIONS = NO;
				ENABLE_STRICT_OBJC_MSGSEND = YES;
				GCC_C_LANGUAGE_STANDARD = gnu11;
				GCC_NO_COMMON_BLOCKS = YES;
				GCC_WARN_64_TO_32_BIT_CONVERSION = YES;
				GCC_WARN_ABOUT_RETURN_TYPE = YES_ERROR;
				GCC_WARN_UNDECLARED_SELECTOR = YES;
				GCC_WARN_UNINITIALIZED_AUTOS = YES_AGGRESSIVE;
				GCC_WARN_UNUSED_FUNCTION = YES;
				GCC_WARN_UNUSED_VARIABLE = YES;
				IPHONEOS_DEPLOYMENT_TARGET = 11.0;
				MTL_ENABLE_DEBUG_INFO = NO;
				SDKROOT = iphoneos;
				SWIFT_OPTIMIZATION_LEVEL = "-Owholemodule";
				VALIDATE_PRODUCT = YES;
			};
			name = Release;
		};
		07DCD17F20696CA900792FC7 /* Debug */ = {
			isa = XCBuildConfiguration;
			buildSettings = {
				ASSETCATALOG_COMPILER_APPICON_NAME = AppIcon;
				CODE_SIGN_STYLE = Automatic;
				INFOPLIST_FILE = "Money Box/Info.plist";
				LD_RUNPATH_SEARCH_PATHS = "$(inherited) @executable_path/Frameworks";
				PRODUCT_BUNDLE_IDENTIFIER = "com.TAE.Money-Box-";
				PRODUCT_NAME = "$(TARGET_NAME)";
				SWIFT_VERSION = 4.0;
				TARGETED_DEVICE_FAMILY = "1,2";
			};
			name = Debug;
		};
		07DCD18020696CA900792FC7 /* Release */ = {
			isa = XCBuildConfiguration;
			buildSettings = {
				ASSETCATALOG_COMPILER_APPICON_NAME = AppIcon;
				CODE_SIGN_STYLE = Automatic;
				INFOPLIST_FILE = "Money Box/Info.plist";
				LD_RUNPATH_SEARCH_PATHS = "$(inherited) @executable_path/Frameworks";
				PRODUCT_BUNDLE_IDENTIFIER = "com.TAE.Money-Box-";
				PRODUCT_NAME = "$(TARGET_NAME)";
				SWIFT_VERSION = 4.0;
				TARGETED_DEVICE_FAMILY = "1,2";
			};
			name = Release;
		};
/* End XCBuildConfiguration section */

/* Begin XCConfigurationList section */
		07DCD16720696CA800792FC7 /* Build configuration list for PBXProject "Money Box" */ = {
			isa = XCConfigurationList;
			buildConfigurations = (
				07DCD17C20696CA900792FC7 /* Debug */,
				07DCD17D20696CA900792FC7 /* Release */,
			);
			defaultConfigurationIsVisible = 0;
			defaultConfigurationName = Release;
		};
		07DCD17E20696CA900792FC7 /* Build configuration list for PBXNativeTarget "Money Box" */ = {
			isa = XCConfigurationList;
			buildConfigurations = (
				07DCD17F20696CA900792FC7 /* Debug */,
				07DCD18020696CA900792FC7 /* Release */,
			);
			defaultConfigurationIsVisible = 0;
			defaultConfigurationName = Release;
		};
/* End XCConfigurationList section */
	};
	rootObject = 07DCD16420696CA800792FC7 /* Project object */;
}
